
Microsoft Visual Studio Solution File, Format Version 12.00
# Visual Studio Version 17
VisualStudioVersion = 17.4.33403.182
MinimumVisualStudioVersion = 10.0.40219.1
Project("{9A19103F-16F7-4668-BE54-9A1E7A4F7556}") = "FundoNote", "FundoNote\FundoNote.csproj", "{59D199A9-D278-43D7-8ABF-FEB4A2706C68}"
	ProjectSection(ProjectDependencies) = postProject
		{4577E9E3-5364-48AC-85AC-6BD51E1EDD8C} = {4577E9E3-5364-48AC-85AC-6BD51E1EDD8C}
		{7A848001-2C68-4825-B3C7-55830B57463A} = {7A848001-2C68-4825-B3C7-55830B57463A}
	EndProjectSection
EndProject
Project("{9A19103F-16F7-4668-BE54-9A1E7A4F7556}") = "Repository", "Repo\Repository.csproj", "{4577E9E3-5364-48AC-85AC-6BD51E1EDD8C}"
EndProject
Project("{9A19103F-16F7-4668-BE54-9A1E7A4F7556}") = "Common", "Common\Common.csproj", "{7A848001-2C68-4825-B3C7-55830B57463A}"
EndProject
Project("{9A19103F-16F7-4668-BE54-9A1E7A4F7556}") = "Bussiness", "Bussiness\Bussiness.csproj", "{8DF63E5B-1D52-4E71-8223-84AB627BF9E1}"
EndProject
Global
	GlobalSection(SolutionConfigurationPlatforms) = preSolution
		Debug|Any CPU = Debug|Any CPU
		Release|Any CPU = Release|Any CPU
	EndGlobalSection
	GlobalSection(ProjectConfigurationPlatforms) = postSolution
		{59D199A9-D278-43D7-8ABF-FEB4A2706C68}.Debug|Any CPU.ActiveCfg = Debug|Any CPU
		{59D199A9-D278-43D7-8ABF-FEB4A2706C68}.Debug|Any CPU.Build.0 = Debug|Any CPU
		{59D199A9-D278-43D7-8ABF-FEB4A2706C68}.Release|Any CPU.ActiveCfg = Release|Any CPU
		{59D199A9-D278-43D7-8ABF-FEB4A2706C68}.Release|Any CPU.Build.0 = Release|Any CPU
		{4577E9E3-5364-48AC-85AC-6BD51E1EDD8C}.Debug|Any CPU.ActiveCfg = Debug|Any CPU
		{4577E9E3-5364-48AC-85AC-6BD51E1EDD8C}.Debug|Any CPU.Build.0 = Debug|Any CPU
		{4577E9E3-5364-48AC-85AC-6BD51E1EDD8C}.Release|Any CPU.ActiveCfg = Release|Any CPU
		{4577E9E3-5364-48AC-85AC-6BD51E1EDD8C}.Release|Any CPU.Build.0 = Release|Any CPU
		{7A848001-2C68-4825-B3C7-55830B57463A}.Debug|Any CPU.ActiveCfg = Debug|Any CPU
		{7A848001-2C68-4825-B3C7-55830B57463A}.Debug|Any CPU.Build.0 = Debug|Any CPU
		{7A848001-2C68-4825-B3C7-55830B57463A}.Release|Any CPU.ActiveCfg = Release|Any CPU
		{7A848001-2C68-4825-B3C7-55830B57463A}.Release|Any CPU.Build.0 = Release|Any CPU
		{8DF63E5B-1D52-4E71-8223-84AB627BF9E1}.Debug|Any CPU.ActiveCfg = Debug|Any CPU
		{8DF63E5B-1D52-4E71-8223-84AB627BF9E1}.Debug|Any CPU.Build.0 = Debug|Any CPU
		{8DF63E5B-1D52-4E71-8223-84AB627BF9E1}.Release|Any CPU.ActiveCfg = Release|Any CPU
		{8DF63E5B-1D52-4E71-8223-84AB627BF9E1}.Release|Any CPU.Build.0 = Release|Any CPU
	EndGlobalSection
	GlobalSection(SolutionProperties) = preSolution
		HideSolutionNode = FALSE
	EndGlobalSection
	GlobalSection(ExtensibilityGlobals) = postSolution
		SolutionGuid = {8163DAB4-DD34-47BF-9147-6AB1AC8F4881}
	EndGlobalSection
EndGlobal
